
Microsoft Visual Studio Solution File, Format Version 12.00
# Visual Studio Version 17
VisualStudioVersion = 17.5.33530.505
MinimumVisualStudioVersion = 10.0.40219.1
Project("{FAE04EC0-301F-11D3-BF4B-00C04F79EFBC}") = "WinFormsApp", "WinFormsApp\WinFormsApp.csproj", "{D4DEFFD9-5D59-419E-A012-C73840467539}"
EndProject
Project("{FAE04EC0-301F-11D3-BF4B-00C04F79EFBC}") = "ConsoleApp", "ConsoleApp\ConsoleApp.csproj", "{D1C448A2-F1BF-4A5B-BBB5-E0396FA31E81}"
EndProject
Global
	GlobalSection(SolutionConfigurationPlatforms) = preSolution
		Debug|Any CPU = Debug|Any CPU
		Release|Any CPU = Release|Any CPU
	EndGlobalSection
	GlobalSection(ProjectConfigurationPlatforms) = postSolution
		{D4DEFFD9-5D59-419E-A012-C73840467539}.Debug|Any CPU.ActiveCfg = Debug|Any CPU
		{D4DEFFD9-5D59-419E-A012-C73840467539}.Debug|Any CPU.Build.0 = Debug|Any CPU
		{D4DEFFD9-5D59-419E-A012-C73840467539}.Release|Any CPU.ActiveCfg = Release|Any CPU
		{D4DEFFD9-5D59-419E-A012-C73840467539}.Release|Any CPU.Build.0 = Release|Any CPU
		{D1C448A2-F1BF-4A5B-BBB5-E0396FA31E81}.Debug|Any CPU.ActiveCfg = Debug|Any CPU
		{D1C448A2-F1BF-4A5B-BBB5-E0396FA31E81}.Debug|Any CPU.Build.0 = Debug|Any CPU
		{D1C448A2-F1BF-4A5B-BBB5-E0396FA31E81}.Release|Any CPU.ActiveCfg = Release|Any CPU
		{D1C448A2-F1BF-4A5B-BBB5-E0396FA31E81}.Release|Any CPU.Build.0 = Release|Any CPU
	EndGlobalSection
	GlobalSection(SolutionProperties) = preSolution
		HideSolutionNode = FALSE
	EndGlobalSection
	GlobalSection(ExtensibilityGlobals) = postSolution
		SolutionGuid = {EDDA2C52-2AD0-4BAA-A9A8-B5197AD8F662}
	EndGlobalSection
EndGlobal
